
Microsoft Visual Studio Solution File, Format Version 12.00
# Visual Studio 2012
Project("{9092AA53-FB77-4645-B42D-1CCCA6BD08BD}") = "Fitrack", "Fitrack.njsproj", "{6F982072-2781-4069-AC42-F24EE68452EE}"
EndProject
Global
	GlobalSection(SolutionConfigurationPlatforms) = preSolution
		Debug|Any CPU = Debug|Any CPU
		Release|Any CPU = Release|Any CPU
	EndGlobalSection
	GlobalSection(ProjectConfigurationPlatforms) = postSolution
		{6F982072-2781-4069-AC42-F24EE68452EE}.Debug|Any CPU.ActiveCfg = Debug|Any CPU
		{6F982072-2781-4069-AC42-F24EE68452EE}.Debug|Any CPU.Build.0 = Debug|Any CPU
		{6F982072-2781-4069-AC42-F24EE68452EE}.Release|Any CPU.ActiveCfg = Release|Any CPU
		{6F982072-2781-4069-AC42-F24EE68452EE}.Release|Any CPU.Build.0 = Release|Any CPU
	EndGlobalSection
	GlobalSection(SolutionProperties) = preSolution
		HideSolutionNode = FALSE
	EndGlobalSection
EndGlobal
